{
  "name": "node",
  "version": "1.0.0",
  "lockfileVersion": 2,
  "requires": true,
  "packages": {
    "": {
      "name": "node",
      "version": "1.0.0",
      "license": "ISC",
      "dependencies": {
        "@ricky0123/vad-node": "^0.0.2",
        "wav-decoder": "^1.3.0"
      }
    },
    "node_modules/@ricky0123/vad-node": {
      "version": "0.0.2",
      "resolved": "https://registry.npmjs.org/@ricky0123/vad-node/-/vad-node-0.0.2.tgz",
      "integrity": "sha512-mJItt1/th3X4BjWrdqUXg1H7E0CfA1UDtfd3KmYNAhqvtpLuGD04mCBGcpMkUO3bmLsGCXcDWn+E//D6dDXmnQ==",
      "dependencies": {
        "onnxruntime-node": "^1.14.0"
      }
    },
    "node_modules/onnxruntime-common": {
      "version": "1.14.0",
      "resolved": "https://registry.npmjs.org/onnxruntime-common/-/onnxruntime-common-1.14.0.tgz",
      "integrity": "sha512-3LJpegM2iMNRX2wUmtYfeX/ytfOzNwAWKSq1HbRrKc9+uqG/FsEA0bbKZl1btQeZaXhC26l44NWpNUeXPII7Ew=="
    },
    "node_modules/onnxruntime-node": {
      "version": "1.14.0",
      "resolved": "https://registry.npmjs.org/onnxruntime-node/-/onnxruntime-node-1.14.0.tgz",
      "integrity": "sha512-5ba7TWomIV/9b6NH/1x/8QEeowsb+jBEvFzU6z0T4mNsFwdPqXeFUM7uxC6QeSRkEbWu3qEB0VMjrvzN/0S9+w==",
      "os": [
        "win32",
        "darwin",
        "linux"
      ],
      "dependencies": {
        "onnxruntime-common": "~1.14.0"
      }
    },
    "node_modules/wav-decoder": {
      "version": "1.3.0",
      "resolved": "https://registry.npmjs.org/wav-decoder/-/wav-decoder-1.3.0.tgz",
      "integrity": "sha512-4U6O/JNb1dPO90CO2YMTQ5N2plJcntm39vNMvRq9VZ4Vy5FzS7Lnx95N2QcYUyKYcZfCbhI//W3dSHA8YnOQyQ=="
    }
  },
  "dependencies": {
    "@ricky0123/vad-node": {
      "version": "0.0.2",
      "resolved": "https://registry.npmjs.org/@ricky0123/vad-node/-/vad-node-0.0.2.tgz",
      "integrity": "sha512-mJItt1/th3X4BjWrdqUXg1H7E0CfA1UDtfd3KmYNAhqvtpLuGD04mCBGcpMkUO3bmLsGCXcDWn+E//D6dDXmnQ==",
      "requires": {
        "onnxruntime-node": "^1.14.0"
      }
    },
    "onnxruntime-common": {
      "version": "1.14.0",
      "resolved": "https://registry.npmjs.org/onnxruntime-common/-/onnxruntime-common-1.14.0.tgz",
      "integrity": "sha512-3LJpegM2iMNRX2wUmtYfeX/ytfOzNwAWKSq1HbRrKc9+uqG/FsEA0bbKZl1btQeZaXhC26l44NWpNUeXPII7Ew=="
    },
    "onnxruntime-node": {
      "version": "1.14.0",
      "resolved": "https://registry.npmjs.org/onnxruntime-node/-/onnxruntime-node-1.14.0.tgz",
      "integrity": "sha512-5ba7TWomIV/9b6NH/1x/8QEeowsb+jBEvFzU6z0T4mNsFwdPqXeFUM7uxC6QeSRkEbWu3qEB0VMjrvzN/0S9+w==",
      "requires": {
        "onnxruntime-common": "~1.14.0"
      }
    },
    "wav-decoder": {
      "version": "1.3.0",
      "resolved": "https://registry.npmjs.org/wav-decoder/-/wav-decoder-1.3.0.tgz",
      "integrity": "sha512-4U6O/JNb1dPO90CO2YMTQ5N2plJcntm39vNMvRq9VZ4Vy5FzS7Lnx95N2QcYUyKYcZfCbhI//W3dSHA8YnOQyQ=="
    }
  }
}
